// !$*UTF8*$!
{
	archiveVersion = 1;
	classes = {
	};
	objectVersion = 46;
	objects = {

/* Begin PBXBuildFile section */
		9F904F2C1DF7DEFA008AA35E /* FancyView.swift in Sources */ = {isa = PBXBuildFile; fileRef = 9F904F2B1DF7DEFA008AA35E /* FancyView.swift */; };
		9F904F2F1DF7DFB7008AA35E /* Constants.swift in Sources */ = {isa = PBXBuildFile; fileRef = 9F904F2E1DF7DFB7008AA35E /* Constants.swift */; };
		9F904F311DF7EB4D008AA35E /* RoundBtn.swift in Sources */ = {isa = PBXBuildFile; fileRef = 9F904F301DF7EB4D008AA35E /* RoundBtn.swift */; };
		9F904F331DF7EEB3008AA35E /* FancyField.swift in Sources */ = {isa = PBXBuildFile; fileRef = 9F904F321DF7EEB3008AA35E /* FancyField.swift */; };
		9F904F351DF7F208008AA35E /* FancyBtn.swift in Sources */ = {isa = PBXBuildFile; fileRef = 9F904F341DF7F208008AA35E /* FancyBtn.swift */; };
		9F95DDA51DF9B5DF00265FD8 /* FeedVC.swift in Sources */ = {isa = PBXBuildFile; fileRef = 9F95DDA41DF9B5DF00265FD8 /* FeedVC.swift */; };
		9F95DDA71DFB209700265FD8 /* CircleView.swift in Sources */ = {isa = PBXBuildFile; fileRef = 9F95DDA61DFB209700265FD8 /* CircleView.swift */; };
		9FAEE3AD1DF702F7002B8F38 /* AppDelegate.swift in Sources */ = {isa = PBXBuildFile; fileRef = 9FAEE3AC1DF702F7002B8F38 /* AppDelegate.swift */; };
		9FAEE3AF1DF702F7002B8F38 /* SignInVC.swift in Sources */ = {isa = PBXBuildFile; fileRef = 9FAEE3AE1DF702F7002B8F38 /* SignInVC.swift */; };
		9FAEE3B21DF702F7002B8F38 /* Main.storyboard in Resources */ = {isa = PBXBuildFile; fileRef = 9FAEE3B01DF702F7002B8F38 /* Main.storyboard */; };
		9FAEE3B41DF702F7002B8F38 /* Assets.xcassets in Resources */ = {isa = PBXBuildFile; fileRef = 9FAEE3B31DF702F7002B8F38 /* Assets.xcassets */; };
		9FAEE3B71DF702F7002B8F38 /* LaunchScreen.storyboard in Resources */ = {isa = PBXBuildFile; fileRef = 9FAEE3B51DF702F7002B8F38 /* LaunchScreen.storyboard */; };
		9FAEE3BF1DF703E5002B8F38 /* GoogleService-Info.plist in Resources */ = {isa = PBXBuildFile; fileRef = 9FAEE3BE1DF703E5002B8F38 /* GoogleService-Info.plist */; };
		B0178C45DB5005E4F9FFC8C8 /* Pods_devslopes_social.framework in Frameworks */ = {isa = PBXBuildFile; fileRef = EFA70E6D6F7E9979A1CED7B8 /* Pods_devslopes_social.framework */; };
/* End PBXBuildFile section */

/* Begin PBXFileReference section */
		72A79C7CE22191CFD78EE86B /* Pods-devslopes-social.release.xcconfig */ = {isa = PBXFileReference; includeInIndex = 1; lastKnownFileType = text.xcconfig; name = "Pods-devslopes-social.release.xcconfig"; path = "Pods/Target Support Files/Pods-devslopes-social/Pods-devslopes-social.release.xcconfig"; sourceTree = "<group>"; };
		9F904F2B1DF7DEFA008AA35E /* FancyView.swift */ = {isa = PBXFileReference; fileEncoding = 4; lastKnownFileType = sourcecode.swift; path = FancyView.swift; sourceTree = "<group>"; };
		9F904F2E1DF7DFB7008AA35E /* Constants.swift */ = {isa = PBXFileReference; fileEncoding = 4; lastKnownFileType = sourcecode.swift; path = Constants.swift; sourceTree = "<group>"; };
		9F904F301DF7EB4D008AA35E /* RoundBtn.swift */ = {isa = PBXFileReference; fileEncoding = 4; lastKnownFileType = sourcecode.swift; path = RoundBtn.swift; sourceTree = "<group>"; };
		9F904F321DF7EEB3008AA35E /* FancyField.swift */ = {isa = PBXFileReference; fileEncoding = 4; lastKnownFileType = sourcecode.swift; path = FancyField.swift; sourceTree = "<group>"; };
		9F904F341DF7F208008AA35E /* FancyBtn.swift */ = {isa = PBXFileReference; fileEncoding = 4; lastKnownFileType = sourcecode.swift; path = FancyBtn.swift; sourceTree = "<group>"; };
		9F95DDA41DF9B5DF00265FD8 /* FeedVC.swift */ = {isa = PBXFileReference; fileEncoding = 4; lastKnownFileType = sourcecode.swift; path = FeedVC.swift; sourceTree = "<group>"; };
		9F95DDA61DFB209700265FD8 /* CircleView.swift */ = {isa = PBXFileReference; fileEncoding = 4; lastKnownFileType = sourcecode.swift; path = CircleView.swift; sourceTree = "<group>"; };
		9FAEE3A91DF702F7002B8F38 /* devslopes-social.app */ = {isa = PBXFileReference; explicitFileType = wrapper.application; includeInIndex = 0; path = "devslopes-social.app"; sourceTree = BUILT_PRODUCTS_DIR; };
		9FAEE3AC1DF702F7002B8F38 /* AppDelegate.swift */ = {isa = PBXFileReference; lastKnownFileType = sourcecode.swift; path = AppDelegate.swift; sourceTree = "<group>"; };
		9FAEE3AE1DF702F7002B8F38 /* SignInVC.swift */ = {isa = PBXFileReference; lastKnownFileType = sourcecode.swift; path = SignInVC.swift; sourceTree = "<group>"; };
		9FAEE3B11DF702F7002B8F38 /* Base */ = {isa = PBXFileReference; lastKnownFileType = file.storyboard; name = Base; path = Base.lproj/Main.storyboard; sourceTree = "<group>"; };
		9FAEE3B31DF702F7002B8F38 /* Assets.xcassets */ = {isa = PBXFileReference; lastKnownFileType = folder.assetcatalog; path = Assets.xcassets; sourceTree = "<group>"; };
		9FAEE3B61DF702F7002B8F38 /* Base */ = {isa = PBXFileReference; lastKnownFileType = file.storyboard; name = Base; path = Base.lproj/LaunchScreen.storyboard; sourceTree = "<group>"; };
		9FAEE3B81DF702F7002B8F38 /* Info.plist */ = {isa = PBXFileReference; lastKnownFileType = text.plist.xml; path = Info.plist; sourceTree = "<group>"; };
		9FAEE3BE1DF703E5002B8F38 /* GoogleService-Info.plist */ = {isa = PBXFileReference; fileEncoding = 4; lastKnownFileType = text.plist.xml; path = "GoogleService-Info.plist"; sourceTree = "<group>"; };
		B02495029606D18ABE029927 /* Pods-devslopes-social.debug.xcconfig */ = {isa = PBXFileReference; includeInIndex = 1; lastKnownFileType = text.xcconfig; name = "Pods-devslopes-social.debug.xcconfig"; path = "Pods/Target Support Files/Pods-devslopes-social/Pods-devslopes-social.debug.xcconfig"; sourceTree = "<group>"; };
		EFA70E6D6F7E9979A1CED7B8 /* Pods_devslopes_social.framework */ = {isa = PBXFileReference; explicitFileType = wrapper.framework; includeInIndex = 0; path = Pods_devslopes_social.framework; sourceTree = BUILT_PRODUCTS_DIR; };
/* End PBXFileReference section */

/* Begin PBXFrameworksBuildPhase section */
		9FAEE3A61DF702F7002B8F38 /* Frameworks */ = {
			isa = PBXFrameworksBuildPhase;
			buildActionMask = 2147483647;
			files = (
				B0178C45DB5005E4F9FFC8C8 /* Pods_devslopes_social.framework in Frameworks */,
			);
			runOnlyForDeploymentPostprocessing = 0;
		};
/* End PBXFrameworksBuildPhase section */

/* Begin PBXGroup section */
		0098F7CAB048439933CF3F74 /* Frameworks */ = {
			isa = PBXGroup;
			children = (
				EFA70E6D6F7E9979A1CED7B8 /* Pods_devslopes_social.framework */,
			);
			name = Frameworks;
			sourceTree = "<group>";
		};
		9F904F281DF71098008AA35E /* Controller */ = {
			isa = PBXGroup;
			children = (
				9FAEE3AE1DF702F7002B8F38 /* SignInVC.swift */,
				9F95DDA41DF9B5DF00265FD8 /* FeedVC.swift */,
			);
			name = Controller;
			sourceTree = "<group>";
		};
		9F904F291DF7109E008AA35E /* View */ = {
			isa = PBXGroup;
			children = (
				9F904F2B1DF7DEFA008AA35E /* FancyView.swift */,
				9F904F301DF7EB4D008AA35E /* RoundBtn.swift */,
				9F904F321DF7EEB3008AA35E /* FancyField.swift */,
				9F904F341DF7F208008AA35E /* FancyBtn.swift */,
				9F95DDA61DFB209700265FD8 /* CircleView.swift */,
			);
			name = View;
			sourceTree = "<group>";
		};
		9F904F2A1DF710A4008AA35E /* Model */ = {
			isa = PBXGroup;
			children = (
			);
			name = Model;
			sourceTree = "<group>";
		};
		9F904F2D1DF7DFA2008AA35E /* Util */ = {
			isa = PBXGroup;
			children = (
				9F904F2E1DF7DFB7008AA35E /* Constants.swift */,
			);
			name = Util;
			sourceTree = "<group>";
		};
		9FAEE3A01DF702F7002B8F38 = {
			isa = PBXGroup;
			children = (
				9FAEE3AB1DF702F7002B8F38 /* devslopes-social */,
				9FAEE3AA1DF702F7002B8F38 /* Products */,
				A1145C279ADF77D5251436CB /* Pods */,
				0098F7CAB048439933CF3F74 /* Frameworks */,
			);
			sourceTree = "<group>";
		};
		9FAEE3AA1DF702F7002B8F38 /* Products */ = {
			isa = PBXGroup;
			children = (
				9FAEE3A91DF702F7002B8F38 /* devslopes-social.app */,
			);
			name = Products;
			sourceTree = "<group>";
		};
		9FAEE3AB1DF702F7002B8F38 /* devslopes-social */ = {
			isa = PBXGroup;
			children = (
				9F904F2D1DF7DFA2008AA35E /* Util */,
				9F904F2A1DF710A4008AA35E /* Model */,
				9F904F291DF7109E008AA35E /* View */,
				9F904F281DF71098008AA35E /* Controller */,
				9FAEE3AC1DF702F7002B8F38 /* AppDelegate.swift */,
				9FAEE3B01DF702F7002B8F38 /* Main.storyboard */,
				9FAEE3B31DF702F7002B8F38 /* Assets.xcassets */,
				9FAEE3B51DF702F7002B8F38 /* LaunchScreen.storyboard */,
				9FAEE3B81DF702F7002B8F38 /* Info.plist */,
				9FAEE3BE1DF703E5002B8F38 /* GoogleService-Info.plist */,
			);
			path = "devslopes-social";
			sourceTree = "<group>";
		};
		A1145C279ADF77D5251436CB /* Pods */ = {
			isa = PBXGroup;
			children = (
				B02495029606D18ABE029927 /* Pods-devslopes-social.debug.xcconfig */,
				72A79C7CE22191CFD78EE86B /* Pods-devslopes-social.release.xcconfig */,
			);
			name = Pods;
			sourceTree = "<group>";
		};
/* End PBXGroup section */

/* Begin PBXNativeTarget section */
		9FAEE3A81DF702F7002B8F38 /* devslopes-social */ = {
			isa = PBXNativeTarget;
			buildConfigurationList = 9FAEE3BB1DF702F7002B8F38 /* Build configuration list for PBXNativeTarget "devslopes-social" */;
			buildPhases = (
				45657C24F61EB13AEB627624 /* [CP] Check Pods Manifest.lock */,
				9FAEE3A51DF702F7002B8F38 /* Sources */,
				9FAEE3A61DF702F7002B8F38 /* Frameworks */,
				9FAEE3A71DF702F7002B8F38 /* Resources */,
				F8C613A3FEDB6B169AEA21B8 /* [CP] Embed Pods Frameworks */,
				15B24597E479D18E4DEC5CB1 /* [CP] Copy Pods Resources */,
			);
			buildRules = (
			);
			dependencies = (
			);
			name = "devslopes-social";
			productName = "devslopes-social";
			productReference = 9FAEE3A91DF702F7002B8F38 /* devslopes-social.app */;
			productType = "com.apple.product-type.application";
		};
/* End PBXNativeTarget section */

/* Begin PBXProject section */
		9FAEE3A11DF702F7002B8F38 /* Project object */ = {
			isa = PBXProject;
			attributes = {
				LastSwiftUpdateCheck = 0810;
				LastUpgradeCheck = 0810;
				ORGANIZATIONNAME = "IT Emergency Malaysia";
				TargetAttributes = {
					9FAEE3A81DF702F7002B8F38 = {
						CreatedOnToolsVersion = 8.1;
						DevelopmentTeam = NFW22K3RA8;
						ProvisioningStyle = Automatic;
					};
				};
			};
			buildConfigurationList = 9FAEE3A41DF702F7002B8F38 /* Build configuration list for PBXProject "devslopes-social" */;
			compatibilityVersion = "Xcode 3.2";
			developmentRegion = English;
			hasScannedForEncodings = 0;
			knownRegions = (
				en,
				Base,
			);
			mainGroup = 9FAEE3A01DF702F7002B8F38;
			productRefGroup = 9FAEE3AA1DF702F7002B8F38 /* Products */;
			projectDirPath = "";
			projectRoot = "";
			targets = (
				9FAEE3A81DF702F7002B8F38 /* devslopes-social */,
			);
		};
/* End PBXProject section */

/* Begin PBXResourcesBuildPhase section */
		9FAEE3A71DF702F7002B8F38 /* Resources */ = {
			isa = PBXResourcesBuildPhase;
			buildActionMask = 2147483647;
			files = (
				9FAEE3B71DF702F7002B8F38 /* LaunchScreen.storyboard in Resources */,
				9FAEE3BF1DF703E5002B8F38 /* GoogleService-Info.plist in Resources */,
				9FAEE3B41DF702F7002B8F38 /* Assets.xcassets in Resources */,
				9FAEE3B21DF702F7002B8F38 /* Main.storyboard in Resources */,
			);
			runOnlyForDeploymentPostprocessing = 0;
		};
/* End PBXResourcesBuildPhase section */

/* Begin PBXShellScriptBuildPhase section */
		15B24597E479D18E4DEC5CB1 /* [CP] Copy Pods Resources */ = {
			isa = PBXShellScriptBuildPhase;
			buildActionMask = 2147483647;
			files = (
			);
			inputPaths = (
			);
			name = "[CP] Copy Pods Resources";
			outputPaths = (
			);
			runOnlyForDeploymentPostprocessing = 0;
			shellPath = /bin/sh;
			shellScript = "\"${SRCROOT}/Pods/Target Support Files/Pods-devslopes-social/Pods-devslopes-social-resources.sh\"\n";
			showEnvVarsInLog = 0;
		};
		45657C24F61EB13AEB627624 /* [CP] Check Pods Manifest.lock */ = {
			isa = PBXShellScriptBuildPhase;
			buildActionMask = 2147483647;
			files = (
			);
			inputPaths = (
			);
			name = "[CP] Check Pods Manifest.lock";
			outputPaths = (
			);
			runOnlyForDeploymentPostprocessing = 0;
			shellPath = /bin/sh;
			shellScript = "diff \"${PODS_ROOT}/../Podfile.lock\" \"${PODS_ROOT}/Manifest.lock\" > /dev/null\nif [ $? != 0 ] ; then\n    # print error to STDERR\n    echo \"error: The sandbox is not in sync with the Podfile.lock. Run 'pod install' or update your CocoaPods installation.\" >&2\n    exit 1\nfi\n";
			showEnvVarsInLog = 0;
		};
		F8C613A3FEDB6B169AEA21B8 /* [CP] Embed Pods Frameworks */ = {
			isa = PBXShellScriptBuildPhase;
			buildActionMask = 2147483647;
			files = (
			);
			inputPaths = (
			);
			name = "[CP] Embed Pods Frameworks";
			outputPaths = (
			);
			runOnlyForDeploymentPostprocessing = 0;
			shellPath = /bin/sh;
			shellScript = "\"${SRCROOT}/Pods/Target Support Files/Pods-devslopes-social/Pods-devslopes-social-frameworks.sh\"\n";
			showEnvVarsInLog = 0;
		};
/* End PBXShellScriptBuildPhase section */

/* Begin PBXSourcesBuildPhase section */
		9FAEE3A51DF702F7002B8F38 /* Sources */ = {
			isa = PBXSourcesBuildPhase;
			buildActionMask = 2147483647;
			files = (
				9F95DDA71DFB209700265FD8 /* CircleView.swift in Sources */,
				9F904F331DF7EEB3008AA35E /* FancyField.swift in Sources */,
				9FAEE3AF1DF702F7002B8F38 /* SignInVC.swift in Sources */,
				9F904F311DF7EB4D008AA35E /* RoundBtn.swift in Sources */,
				9FAEE3AD1DF702F7002B8F38 /* AppDelegate.swift in Sources */,
				9F95DDA51DF9B5DF00265FD8 /* FeedVC.swift in Sources */,
				9F904F2C1DF7DEFA008AA35E /* FancyView.swift in Sources */,
				9F904F2F1DF7DFB7008AA35E /* Constants.swift in Sources */,
				9F904F351DF7F208008AA35E /* FancyBtn.swift in Sources */,
			);
			runOnlyForDeploymentPostprocessing = 0;
		};
/* End PBXSourcesBuildPhase section */

/* Begin PBXVariantGroup section */
		9FAEE3B01DF702F7002B8F38 /* Main.storyboard */ = {
			isa = PBXVariantGroup;
			children = (
				9FAEE3B11DF702F7002B8F38 /* Base */,
			);
			name = Main.storyboard;
			sourceTree = "<group>";
		};
		9FAEE3B51DF702F7002B8F38 /* LaunchScreen.storyboard */ = {
			isa = PBXVariantGroup;
			children = (
				9FAEE3B61DF702F7002B8F38 /* Base */,
			);
			name = LaunchScreen.storyboard;
			sourceTree = "<group>";
		};
/* End PBXVariantGroup section */

/* Begin XCBuildConfiguration section */
		9FAEE3B91DF702F7002B8F38 /* Debug */ = {
			isa = XCBuildConfiguration;
			buildSettings = {
				ALWAYS_SEARCH_USER_PATHS = NO;
				CLANG_ANALYZER_NONNULL = YES;
				CLANG_CXX_LANGUAGE_STANDARD = "gnu++0x";
				CLANG_CXX_LIBRARY = "libc++";
				CLANG_ENABLE_MODULES = YES;
				CLANG_ENABLE_OBJC_ARC = YES;
				CLANG_WARN_BOOL_CONVERSION = YES;
				CLANG_WARN_CONSTANT_CONVERSION = YES;
				CLANG_WARN_DIRECT_OBJC_ISA_USAGE = YES_ERROR;
				CLANG_WARN_DOCUMENTATION_COMMENTS = YES;
				CLANG_WARN_EMPTY_BODY = YES;
				CLANG_WARN_ENUM_CONVERSION = YES;
				CLANG_WARN_INFINITE_RECURSION = YES;
				CLANG_WARN_INT_CONVERSION = YES;
				CLANG_WARN_OBJC_ROOT_CLASS = YES_ERROR;
				CLANG_WARN_SUSPICIOUS_MOVES = YES;
				CLANG_WARN_UNREACHABLE_CODE = YES;
				CLANG_WARN__DUPLICATE_METHOD_MATCH = YES;
				"CODE_SIGN_IDENTITY[sdk=iphoneos*]" = "iPhone Developer";
				COPY_PHASE_STRIP = NO;
				DEBUG_INFORMATION_FORMAT = dwarf;
				ENABLE_STRICT_OBJC_MSGSEND = YES;
				ENABLE_TESTABILITY = YES;
				GCC_C_LANGUAGE_STANDARD = gnu99;
				GCC_DYNAMIC_NO_PIC = NO;
				GCC_NO_COMMON_BLOCKS = YES;
				GCC_OPTIMIZATION_LEVEL = 0;
				GCC_PREPROCESSOR_DEFINITIONS = (
					"DEBUG=1",
					"$(inherited)",
				);
				GCC_WARN_64_TO_32_BIT_CONVERSION = YES;
				GCC_WARN_ABOUT_RETURN_TYPE = YES_ERROR;
				GCC_WARN_UNDECLARED_SELECTOR = YES;
				GCC_WARN_UNINITIALIZED_AUTOS = YES_AGGRESSIVE;
				GCC_WARN_UNUSED_FUNCTION = YES;
				GCC_WARN_UNUSED_VARIABLE = YES;
				IPHONEOS_DEPLOYMENT_TARGET = 9.3;
				MTL_ENABLE_DEBUG_INFO = YES;
				ONLY_ACTIVE_ARCH = YES;
				SDKROOT = iphoneos;
				SWIFT_ACTIVE_COMPILATION_CONDITIONS = DEBUG;
				SWIFT_OPTIMIZATION_LEVEL = "-Onone";
				TARGETED_DEVICE_FAMILY = "1,2";
			};
			name = Debug;
		};
		9FAEE3BA1DF702F7002B8F38 /* Release */ = {
			isa = XCBuildConfiguration;
			buildSettings = {
				ALWAYS_SEARCH_USER_PATHS = NO;
				CLANG_ANALYZER_NONNULL = YES;
				CLANG_CXX_LANGUAGE_STANDARD = "gnu++0x";
				CLANG_CXX_LIBRARY = "libc++";
				CLANG_ENABLE_MODULES = YES;
				CLANG_ENABLE_OBJC_ARC = YES;
				CLANG_WARN_BOOL_CONVERSION = YES;
				CLANG_WARN_CONSTANT_CONVERSION = YES;
				CLANG_WARN_DIRECT_OBJC_ISA_USAGE = YES_ERROR;
				CLANG_WARN_DOCUMENTATION_COMMENTS = YES;
				CLANG_WARN_EMPTY_BODY = YES;
				CLANG_WARN_ENUM_CONVERSION = YES;
				CLANG_WARN_INFINITE_RECURSION = YES;
				CLANG_WARN_INT_CONVERSION = YES;
				CLANG_WARN_OBJC_ROOT_CLASS = YES_ERROR;
				CLANG_WARN_SUSPICIOUS_MOVES = YES;
				CLANG_WARN_UNREACHABLE_CODE = YES;
				CLANG_WARN__DUPLICATE_METHOD_MATCH = YES;
				"CODE_SIGN_IDENTITY[sdk=iphoneos*]" = "iPhone Developer";
				COPY_PHASE_STRIP = NO;
				DEBUG_INFORMATION_FORMAT = "dwarf-with-dsym";
				ENABLE_NS_ASSERTIONS = NO;
				ENABLE_STRICT_OBJC_MSGSEND = YES;
				GCC_C_LANGUAGE_STANDARD = gnu99;
				GCC_NO_COMMON_BLOCKS = YES;
				GCC_WARN_64_TO_32_BIT_CONVERSION = YES;
				GCC_WARN_ABOUT_RETURN_TYPE = YES_ERROR;
				GCC_WARN_UNDECLARED_SELECTOR = YES;
				GCC_WARN_UNINITIALIZED_AUTOS = YES_AGGRESSIVE;
				GCC_WARN_UNUSED_FUNCTION = YES;
				GCC_WARN_UNUSED_VARIABLE = YES;
				IPHONEOS_DEPLOYMENT_TARGET = 9.3;
				MTL_ENABLE_DEBUG_INFO = NO;
				SDKROOT = iphoneos;
				SWIFT_OPTIMIZATION_LEVEL = "-Owholemodule";
				TARGETED_DEVICE_FAMILY = "1,2";
				VALIDATE_PRODUCT = YES;
			};
			name = Release;
		};
		9FAEE3BC1DF702F7002B8F38 /* Debug */ = {
			isa = XCBuildConfiguration;
			baseConfigurationReference = B02495029606D18ABE029927 /* Pods-devslopes-social.debug.xcconfig */;
			buildSettings = {
				ASSETCATALOG_COMPILER_APPICON_NAME = AppIcon;
				DEVELOPMENT_TEAM = NFW22K3RA8;
				INFOPLIST_FILE = "devslopes-social/Info.plist";
				IPHONEOS_DEPLOYMENT_TARGET = 9.3;
				LD_RUNPATH_SEARCH_PATHS = "$(inherited) @executable_path/Frameworks";
				PRODUCT_BUNDLE_IDENTIFIER = "net.ITmalaysia.devslopes-social";
				PRODUCT_NAME = "$(TARGET_NAME)";
				SWIFT_VERSION = 3.0;
			};
			name = Debug;
		};
		9FAEE3BD1DF702F7002B8F38 /* Release */ = {
			isa = XCBuildConfiguration;
			baseConfigurationReference = 72A79C7CE22191CFD78EE86B /* Pods-devslopes-social.release.xcconfig */;
			buildSettings = {
				ASSETCATALOG_COMPILER_APPICON_NAME = AppIcon;
				DEVELOPMENT_TEAM = NFW22K3RA8;
				INFOPLIST_FILE = "devslopes-social/Info.plist";
				IPHONEOS_DEPLOYMENT_TARGET = 9.3;
				LD_RUNPATH_SEARCH_PATHS = "$(inherited) @executable_path/Frameworks";
				PRODUCT_BUNDLE_IDENTIFIER = "net.ITmalaysia.devslopes-social";
				PRODUCT_NAME = "$(TARGET_NAME)";
				SWIFT_VERSION = 3.0;
			};
			name = Release;
		};
/* End XCBuildConfiguration section */

/* Begin XCConfigurationList section */
		9FAEE3A41DF702F7002B8F38 /* Build configuration list for PBXProject "devslopes-social" */ = {
			isa = XCConfigurationList;
			buildConfigurations = (
				9FAEE3B91DF702F7002B8F38 /* Debug */,
				9FAEE3BA1DF702F7002B8F38 /* Release */,
			);
			defaultConfigurationIsVisible = 0;
			defaultConfigurationName = Release;
		};
		9FAEE3BB1DF702F7002B8F38 /* Build configuration list for PBXNativeTarget "devslopes-social" */ = {
			isa = XCConfigurationList;
			buildConfigurations = (
				9FAEE3BC1DF702F7002B8F38 /* Debug */,
				9FAEE3BD1DF702F7002B8F38 /* Release */,
			);
			defaultConfigurationIsVisible = 0;
			defaultConfigurationName = Release;
		};
/* End XCConfigurationList section */
	};
	rootObject = 9FAEE3A11DF702F7002B8F38 /* Project object */;
}
